
Microsoft Visual Studio Solution File, Format Version 11.00
# Visual Studio 2010
Project("{8BC9CEB8-8B4A-11D0-8D11-00A0C91BC942}") = "Blackjack", "Blackjack\Blackjack.vcxproj", "{44069EC6-2A82-45A7-BED5-43A833477BCA}"
EndProject
Global
	GlobalSection(SolutionConfigurationPlatforms) = preSolution
		Debug|Win32 = Debug|Win32
		Release|Win32 = Release|Win32
	EndGlobalSection
	GlobalSection(ProjectConfigurationPlatforms) = postSolution
		{44069EC6-2A82-45A7-BED5-43A833477BCA}.Debug|Win32.ActiveCfg = Debug|Win32
		{44069EC6-2A82-45A7-BED5-43A833477BCA}.Debug|Win32.Build.0 = Debug|Win32
		{44069EC6-2A82-45A7-BED5-43A833477BCA}.Release|Win32.ActiveCfg = Release|Win32
		{44069EC6-2A82-45A7-BED5-43A833477BCA}.Release|Win32.Build.0 = Release|Win32
	EndGlobalSection
	GlobalSection(SolutionProperties) = preSolution
		HideSolutionNode = FALSE
	EndGlobalSection
EndGlobal
